
Microsoft Visual Studio Solution File, Format Version 12.00
# Visual Studio Version 17
VisualStudioVersion = 17.8.34309.116
MinimumVisualStudioVersion = 10.0.40219.1
Project("{FAE04EC0-301F-11D3-BF4B-00C04F79EFBC}") = "BlufiPrinter", "BlufiPrinter.csproj", "{7727B359-5D03-4DCC-98FF-B124F2624802}"
EndProject
Global
	GlobalSection(SolutionConfigurationPlatforms) = preSolution
		Debug|Any CPU = Debug|Any CPU
		Release|Any CPU = Release|Any CPU
	EndGlobalSection
	GlobalSection(ProjectConfigurationPlatforms) = postSolution
		{7727B359-5D03-4DCC-98FF-B124F2624802}.Debug|Any CPU.ActiveCfg = Debug|Any CPU
		{7727B359-5D03-4DCC-98FF-B124F2624802}.Debug|Any CPU.Build.0 = Debug|Any CPU
		{7727B359-5D03-4DCC-98FF-B124F2624802}.Release|Any CPU.ActiveCfg = Release|Any CPU
		{7727B359-5D03-4DCC-98FF-B124F2624802}.Release|Any CPU.Build.0 = Release|Any CPU
	EndGlobalSection
	GlobalSection(SolutionProperties) = preSolution
		HideSolutionNode = FALSE
	EndGlobalSection
	GlobalSection(ExtensibilityGlobals) = postSolution
		SolutionGuid = {45FE4221-DACE-4545-B730-6AAFA7A2DFC1}
	EndGlobalSection
EndGlobal
